
Microsoft Visual Studio Solution File, Format Version 12.00
# Visual Studio Version 18
VisualStudioVersion = 18.6.11822.322
MinimumVisualStudioVersion = 10.0.40219.1
Project("{FAE04EC0-301F-11D3-BF4B-00C04F79EFBC}") = "ModellingAmbient.UI", "ModellingAmbient.UI\ModellingAmbient.UI.csproj", "{E033A9EC-451A-44F4-B06B-B3EAA5E24CA6}"
EndProject
Project("{FAE04EC0-301F-11D3-BF4B-00C04F79EFBC}") = "ModellingAmbient.Application", "ModellingAmbient.Application\ModellingAmbient.Application.csproj", "{6E5C9D28-5F9A-457A-9645-EFD0E3385CC2}"
EndProject
Project("{FAE04EC0-301F-11D3-BF4B-00C04F79EFBC}") = "ModellingAmbient.Core", "ModellingAmbient.Core\ModellingAmbient.Core.csproj", "{EDEB1136-FECC-403D-B998-5E60550ABE1A}"
EndProject
Project("{888888A0-9F3D-457C-B088-3A5042F75D52}") = "ModellingAmbient.Scripts", "ModellingAmbient.Scripts\ModellingAmbient.Scripts.pyproj", "{E1CF1230-6019-40D1-A3A6-8DC638EF3160}"
EndProject
Project("{2150E333-8FDC-42A3-9474-1A3956D46DE8}") = "Application", "Application", "{42E98103-0B39-4577-AAA1-5E2636F81F7F}"
EndProject
Project("{2150E333-8FDC-42A3-9474-1A3956D46DE8}") = "Domain", "Domain", "{28ADEACE-27BA-4414-A72C-B54B2DACC3E1}"
EndProject
Project("{2150E333-8FDC-42A3-9474-1A3956D46DE8}") = "Infraestructure", "Infraestructure", "{2525F8A3-F4A2-45C4-AA97-6F45F3EE2697}"
EndProject
Project("{FAE04EC0-301F-11D3-BF4B-00C04F79EFBC}") = "ModellingAmbient.Infra", "ModellingAmbient.Infra\ModellingAmbient.Infra.csproj", "{AF3845A4-090F-48BA-8462-1F47EB56ADC9}"
EndProject
Project("{2150E333-8FDC-42A3-9474-1A3956D46DE8}") = "Ui", "Ui", "{0D83986F-AC7A-46E6-B5C2-C2B7FD2872DF}"
EndProject
Global
	GlobalSection(SolutionConfigurationPlatforms) = preSolution
		Debug|Any CPU = Debug|Any CPU
		Release|Any CPU = Release|Any CPU
	EndGlobalSection
	GlobalSection(ProjectConfigurationPlatforms) = postSolution
		{E033A9EC-451A-44F4-B06B-B3EAA5E24CA6}.Debug|Any CPU.ActiveCfg = Debug|Any CPU
		{E033A9EC-451A-44F4-B06B-B3EAA5E24CA6}.Debug|Any CPU.Build.0 = Debug|Any CPU
		{E033A9EC-451A-44F4-B06B-B3EAA5E24CA6}.Release|Any CPU.ActiveCfg = Release|Any CPU
		{E033A9EC-451A-44F4-B06B-B3EAA5E24CA6}.Release|Any CPU.Build.0 = Release|Any CPU
		{6E5C9D28-5F9A-457A-9645-EFD0E3385CC2}.Debug|Any CPU.ActiveCfg = Debug|Any CPU
		{6E5C9D28-5F9A-457A-9645-EFD0E3385CC2}.Debug|Any CPU.Build.0 = Debug|Any CPU
		{6E5C9D28-5F9A-457A-9645-EFD0E3385CC2}.Release|Any CPU.ActiveCfg = Release|Any CPU
		{6E5C9D28-5F9A-457A-9645-EFD0E3385CC2}.Release|Any CPU.Build.0 = Release|Any CPU
		{EDEB1136-FECC-403D-B998-5E60550ABE1A}.Debug|Any CPU.ActiveCfg = Debug|Any CPU
		{EDEB1136-FECC-403D-B998-5E60550ABE1A}.Debug|Any CPU.Build.0 = Debug|Any CPU
		{EDEB1136-FECC-403D-B998-5E60550ABE1A}.Release|Any CPU.ActiveCfg = Release|Any CPU
		{EDEB1136-FECC-403D-B998-5E60550ABE1A}.Release|Any CPU.Build.0 = Release|Any CPU
		{E1CF1230-6019-40D1-A3A6-8DC638EF3160}.Debug|Any CPU.ActiveCfg = Debug|Any CPU
		{E1CF1230-6019-40D1-A3A6-8DC638EF3160}.Release|Any CPU.ActiveCfg = Release|Any CPU
		{AF3845A4-090F-48BA-8462-1F47EB56ADC9}.Debug|Any CPU.ActiveCfg = Debug|Any CPU
		{AF3845A4-090F-48BA-8462-1F47EB56ADC9}.Debug|Any CPU.Build.0 = Debug|Any CPU
		{AF3845A4-090F-48BA-8462-1F47EB56ADC9}.Release|Any CPU.ActiveCfg = Release|Any CPU
		{AF3845A4-090F-48BA-8462-1F47EB56ADC9}.Release|Any CPU.Build.0 = Release|Any CPU
	EndGlobalSection
	GlobalSection(SolutionProperties) = preSolution
		HideSolutionNode = FALSE
	EndGlobalSection
	GlobalSection(NestedProjects) = preSolution
		{E033A9EC-451A-44F4-B06B-B3EAA5E24CA6} = {0D83986F-AC7A-46E6-B5C2-C2B7FD2872DF}
		{6E5C9D28-5F9A-457A-9645-EFD0E3385CC2} = {42E98103-0B39-4577-AAA1-5E2636F81F7F}
		{EDEB1136-FECC-403D-B998-5E60550ABE1A} = {28ADEACE-27BA-4414-A72C-B54B2DACC3E1}
		{E1CF1230-6019-40D1-A3A6-8DC638EF3160} = {28ADEACE-27BA-4414-A72C-B54B2DACC3E1}
		{AF3845A4-090F-48BA-8462-1F47EB56ADC9} = {2525F8A3-F4A2-45C4-AA97-6F45F3EE2697}
	EndGlobalSection
	GlobalSection(ExtensibilityGlobals) = postSolution
		SolutionGuid = {B89DB211-96B7-452B-A4C2-467E0D5701D6}
	EndGlobalSection
EndGlobal
